
Microsoft Visual Studio Solution File, Format Version 12.00
# Visual Studio Version 17
VisualStudioVersion = 17.8.34309.116
MinimumVisualStudioVersion = 10.0.40219.1
Project("{9A19103F-16F7-4668-BE54-9A1E7A4F7556}") = "StarterDashbord", "StarterDashbord\StarterDashbord.csproj", "{026DB901-6A0E-4CE1-87FB-7C9D859797D0}"
EndProject
Project("{FAE04EC0-301F-11D3-BF4B-00C04F79EFBC}") = "Models", "Models\Models.csproj", "{9CBD2E4C-F041-4A81-A81C-A7A671B2B269}"
EndProject
Project("{FAE04EC0-301F-11D3-BF4B-00C04F79EFBC}") = "Contracts", "Contracts\Contracts.csproj", "{18B93D12-72F6-4A7F-B1EC-73B5811AB9F5}"
EndProject
Project("{FAE04EC0-301F-11D3-BF4B-00C04F79EFBC}") = "Repository", "Repository\Repository.csproj", "{3F3E2F90-AA2C-474A-9D59-7B5EE5ADC6B4}"
EndProject
Project("{FAE04EC0-301F-11D3-BF4B-00C04F79EFBC}") = "DataContext", "DataContext\DataContext.csproj", "{A91D0400-45A0-4534-A1D4-8DAA233E07ED}"
EndProject
Project("{FAE04EC0-301F-11D3-BF4B-00C04F79EFBC}") = "TeamManagementAPI", "TeamManagementAPI\TeamManagementAPI.csproj", "{A9A4F056-5629-48B6-AC7B-18417EA61794}"
EndProject
Global
	GlobalSection(SolutionConfigurationPlatforms) = preSolution
		Debug|Any CPU = Debug|Any CPU
		Release|Any CPU = Release|Any CPU
	EndGlobalSection
	GlobalSection(ProjectConfigurationPlatforms) = postSolution
		{026DB901-6A0E-4CE1-87FB-7C9D859797D0}.Debug|Any CPU.ActiveCfg = Debug|Any CPU
		{026DB901-6A0E-4CE1-87FB-7C9D859797D0}.Debug|Any CPU.Build.0 = Debug|Any CPU
		{026DB901-6A0E-4CE1-87FB-7C9D859797D0}.Release|Any CPU.ActiveCfg = Release|Any CPU
		{026DB901-6A0E-4CE1-87FB-7C9D859797D0}.Release|Any CPU.Build.0 = Release|Any CPU
		{9CBD2E4C-F041-4A81-A81C-A7A671B2B269}.Debug|Any CPU.ActiveCfg = Debug|Any CPU
		{9CBD2E4C-F041-4A81-A81C-A7A671B2B269}.Debug|Any CPU.Build.0 = Debug|Any CPU
		{9CBD2E4C-F041-4A81-A81C-A7A671B2B269}.Release|Any CPU.ActiveCfg = Release|Any CPU
		{9CBD2E4C-F041-4A81-A81C-A7A671B2B269}.Release|Any CPU.Build.0 = Release|Any CPU
		{18B93D12-72F6-4A7F-B1EC-73B5811AB9F5}.Debug|Any CPU.ActiveCfg = Debug|Any CPU
		{18B93D12-72F6-4A7F-B1EC-73B5811AB9F5}.Debug|Any CPU.Build.0 = Debug|Any CPU
		{18B93D12-72F6-4A7F-B1EC-73B5811AB9F5}.Release|Any CPU.ActiveCfg = Release|Any CPU
		{18B93D12-72F6-4A7F-B1EC-73B5811AB9F5}.Release|Any CPU.Build.0 = Release|Any CPU
		{3F3E2F90-AA2C-474A-9D59-7B5EE5ADC6B4}.Debug|Any CPU.ActiveCfg = Debug|Any CPU
		{3F3E2F90-AA2C-474A-9D59-7B5EE5ADC6B4}.Debug|Any CPU.Build.0 = Debug|Any CPU
		{3F3E2F90-AA2C-474A-9D59-7B5EE5ADC6B4}.Release|Any CPU.ActiveCfg = Release|Any CPU
		{3F3E2F90-AA2C-474A-9D59-7B5EE5ADC6B4}.Release|Any CPU.Build.0 = Release|Any CPU
		{A91D0400-45A0-4534-A1D4-8DAA233E07ED}.Debug|Any CPU.ActiveCfg = Debug|Any CPU
		{A91D0400-45A0-4534-A1D4-8DAA233E07ED}.Debug|Any CPU.Build.0 = Debug|Any CPU
		{A91D0400-45A0-4534-A1D4-8DAA233E07ED}.Release|Any CPU.ActiveCfg = Release|Any CPU
		{A91D0400-45A0-4534-A1D4-8DAA233E07ED}.Release|Any CPU.Build.0 = Release|Any CPU
		{A9A4F056-5629-48B6-AC7B-18417EA61794}.Debug|Any CPU.ActiveCfg = Debug|Any CPU
		{A9A4F056-5629-48B6-AC7B-18417EA61794}.Debug|Any CPU.Build.0 = Debug|Any CPU
		{A9A4F056-5629-48B6-AC7B-18417EA61794}.Release|Any CPU.ActiveCfg = Release|Any CPU
		{A9A4F056-5629-48B6-AC7B-18417EA61794}.Release|Any CPU.Build.0 = Release|Any CPU
	EndGlobalSection
	GlobalSection(SolutionProperties) = preSolution
		HideSolutionNode = FALSE
	EndGlobalSection
	GlobalSection(ExtensibilityGlobals) = postSolution
		SolutionGuid = {2F53812A-13D6-444A-B3C5-F82D96FB8BFD}
	EndGlobalSection
EndGlobal
